// !$*UTF8*$!
{
	archiveVersion = 1;
	classes = {
	};
	objectVersion = 56;
	objects = {

/* Begin PBXBuildFile section */
		0FD81DFF2B18E049005060F3 /* OnboardingView.swift in Sources */ = {isa = PBXBuildFile; fileRef = 0FD81DFE2B18E049005060F3 /* OnboardingView.swift */; };
		0FD81E012B18F85C005060F3 /* tmploginView.swift in Sources */ = {isa = PBXBuildFile; fileRef = 0FD81E002B18F85C005060F3 /* tmploginView.swift */; };
		A07DD8EE2B110C2F006DB7E0 /* Color+Extension.swift in Sources */ = {isa = PBXBuildFile; fileRef = A07DD8ED2B110C2F006DB7E0 /* Color+Extension.swift */; };
		A07DD8F02B110E0F006DB7E0 /* Font+Extension.swift in Sources */ = {isa = PBXBuildFile; fileRef = A07DD8EF2B110E0F006DB7E0 /* Font+Extension.swift */; };
		A07DD8F32B111AE0006DB7E0 /* Pretendard-Black.otf in Resources */ = {isa = PBXBuildFile; fileRef = A07DD8E62B110B29006DB7E0 /* Pretendard-Black.otf */; };
		A07DD8F42B111AE5006DB7E0 /* Pretendard-ExtraBold.otf in Resources */ = {isa = PBXBuildFile; fileRef = A07DD8EA2B110B29006DB7E0 /* Pretendard-ExtraBold.otf */; };
		A07DD8F52B111AE5006DB7E0 /* Pretendard-Regular.otf in Resources */ = {isa = PBXBuildFile; fileRef = A07DD8E82B110B29006DB7E0 /* Pretendard-Regular.otf */; };
		A07DD8F62B111AE5006DB7E0 /* Pretendard-Bold.otf in Resources */ = {isa = PBXBuildFile; fileRef = A07DD8EC2B110B29006DB7E0 /* Pretendard-Bold.otf */; };
		A07DD8F72B111AE5006DB7E0 /* Pretendard-Light.otf in Resources */ = {isa = PBXBuildFile; fileRef = A07DD8E92B110B29006DB7E0 /* Pretendard-Light.otf */; };
		A07DD8F82B111AE5006DB7E0 /* Pretendard-Medium.otf in Resources */ = {isa = PBXBuildFile; fileRef = A07DD8EB2B110B29006DB7E0 /* Pretendard-Medium.otf */; };
		A07DD8F92B111AE5006DB7E0 /* Pretendard-Thin.otf in Resources */ = {isa = PBXBuildFile; fileRef = A07DD8E52B110B29006DB7E0 /* Pretendard-Thin.otf */; };
		A07DD8FA2B111AE5006DB7E0 /* Pretendard-ExtraLight.otf in Resources */ = {isa = PBXBuildFile; fileRef = A07DD8E42B110B29006DB7E0 /* Pretendard-ExtraLight.otf */; };
		A07DD8FB2B111AE5006DB7E0 /* Pretendard-SemiBold.otf in Resources */ = {isa = PBXBuildFile; fileRef = A07DD8E72B110B29006DB7E0 /* Pretendard-SemiBold.otf */; };
		A099B2272B21B2A2009B3F4E /* MatchingListView.swift in Sources */ = {isa = PBXBuildFile; fileRef = A099B2262B21B2A2009B3F4E /* MatchingListView.swift */; };
		A099B22A2B21B490009B3F4E /* Matching.swift in Sources */ = {isa = PBXBuildFile; fileRef = A099B2292B21B490009B3F4E /* Matching.swift */; };
		A099B22C2B21B93C009B3F4E /* MatchingListViewModel.swift in Sources */ = {isa = PBXBuildFile; fileRef = A099B22B2B21B93C009B3F4E /* MatchingListViewModel.swift */; };
		A099B22F2B21E940009B3F4E /* Path.swift in Sources */ = {isa = PBXBuildFile; fileRef = A099B22E2B21E940009B3F4E /* Path.swift */; };
		A099B2312B21E9AF009B3F4E /* PathType.swift in Sources */ = {isa = PBXBuildFile; fileRef = A099B2302B21E9AF009B3F4E /* PathType.swift */; };
		A099B2332B21EB06009B3F4E /* Date+Extension.swift in Sources */ = {isa = PBXBuildFile; fileRef = A099B2322B21EB06009B3F4E /* Date+Extension.swift */; };
		A099B2382B21F382009B3F4E /* MatchingView.swift in Sources */ = {isa = PBXBuildFile; fileRef = A099B2372B21F382009B3F4E /* MatchingView.swift */; };
		A099B23A2B21F38F009B3F4E /* MatchingViewModel.swift in Sources */ = {isa = PBXBuildFile; fileRef = A099B2392B21F38F009B3F4E /* MatchingViewModel.swift */; };
		A099B23D2B22344A009B3F4E /* CustomRegularBtn.swift in Sources */ = {isa = PBXBuildFile; fileRef = A099B23C2B22344A009B3F4E /* CustomRegularBtn.swift */; };
		A0E007C32B0F552500B2476B /* TeamUPApp.swift in Sources */ = {isa = PBXBuildFile; fileRef = A0E007C22B0F552500B2476B /* TeamUPApp.swift */; };
		A0E007C52B0F552500B2476B /* ContentView.swift in Sources */ = {isa = PBXBuildFile; fileRef = A0E007C42B0F552500B2476B /* ContentView.swift */; };
		A0E007C72B0F552700B2476B /* Assets.xcassets in Resources */ = {isa = PBXBuildFile; fileRef = A0E007C62B0F552700B2476B /* Assets.xcassets */; };
		A0E007CA2B0F552700B2476B /* Preview Assets.xcassets in Resources */ = {isa = PBXBuildFile; fileRef = A0E007C92B0F552700B2476B /* Preview Assets.xcassets */; };
		A0E007D72B0F573800B2476B /* Launch Screen.storyboard in Resources */ = {isa = PBXBuildFile; fileRef = A0E007D62B0F573800B2476B /* Launch Screen.storyboard */; };
/* End PBXBuildFile section */

/* Begin PBXFileReference section */
		0FD81DFE2B18E049005060F3 /* OnboardingView.swift */ = {isa = PBXFileReference; lastKnownFileType = sourcecode.swift; path = OnboardingView.swift; sourceTree = "<group>"; };
		0FD81E002B18F85C005060F3 /* tmploginView.swift */ = {isa = PBXFileReference; lastKnownFileType = sourcecode.swift; path = tmploginView.swift; sourceTree = "<group>"; };
		A07DD8E42B110B29006DB7E0 /* Pretendard-ExtraLight.otf */ = {isa = PBXFileReference; lastKnownFileType = file; path = "Pretendard-ExtraLight.otf"; sourceTree = "<group>"; };
		A07DD8E52B110B29006DB7E0 /* Pretendard-Thin.otf */ = {isa = PBXFileReference; lastKnownFileType = file; path = "Pretendard-Thin.otf"; sourceTree = "<group>"; };
		A07DD8E62B110B29006DB7E0 /* Pretendard-Black.otf */ = {isa = PBXFileReference; lastKnownFileType = file; path = "Pretendard-Black.otf"; sourceTree = "<group>"; };
		A07DD8E72B110B29006DB7E0 /* Pretendard-SemiBold.otf */ = {isa = PBXFileReference; lastKnownFileType = file; path = "Pretendard-SemiBold.otf"; sourceTree = "<group>"; };
		A07DD8E82B110B29006DB7E0 /* Pretendard-Regular.otf */ = {isa = PBXFileReference; lastKnownFileType = file; path = "Pretendard-Regular.otf"; sourceTree = "<group>"; };
		A07DD8E92B110B29006DB7E0 /* Pretendard-Light.otf */ = {isa = PBXFileReference; lastKnownFileType = file; path = "Pretendard-Light.otf"; sourceTree = "<group>"; };
		A07DD8EA2B110B29006DB7E0 /* Pretendard-ExtraBold.otf */ = {isa = PBXFileReference; lastKnownFileType = file; path = "Pretendard-ExtraBold.otf"; sourceTree = "<group>"; };
		A07DD8EB2B110B29006DB7E0 /* Pretendard-Medium.otf */ = {isa = PBXFileReference; lastKnownFileType = file; path = "Pretendard-Medium.otf"; sourceTree = "<group>"; };
		A07DD8EC2B110B29006DB7E0 /* Pretendard-Bold.otf */ = {isa = PBXFileReference; lastKnownFileType = file; path = "Pretendard-Bold.otf"; sourceTree = "<group>"; };
		A07DD8ED2B110C2F006DB7E0 /* Color+Extension.swift */ = {isa = PBXFileReference; lastKnownFileType = sourcecode.swift; path = "Color+Extension.swift"; sourceTree = "<group>"; };
		A07DD8EF2B110E0F006DB7E0 /* Font+Extension.swift */ = {isa = PBXFileReference; lastKnownFileType = sourcecode.swift; path = "Font+Extension.swift"; sourceTree = "<group>"; };
		A07DD8F12B111337006DB7E0 /* Info.plist */ = {isa = PBXFileReference; lastKnownFileType = text.plist.xml; path = Info.plist; sourceTree = "<group>"; };
		A099B2262B21B2A2009B3F4E /* MatchingListView.swift */ = {isa = PBXFileReference; lastKnownFileType = sourcecode.swift; path = MatchingListView.swift; sourceTree = "<group>"; };
		A099B2292B21B490009B3F4E /* Matching.swift */ = {isa = PBXFileReference; lastKnownFileType = sourcecode.swift; path = Matching.swift; sourceTree = "<group>"; };
		A099B22B2B21B93C009B3F4E /* MatchingListViewModel.swift */ = {isa = PBXFileReference; lastKnownFileType = sourcecode.swift; path = MatchingListViewModel.swift; sourceTree = "<group>"; };
		A099B22E2B21E940009B3F4E /* Path.swift */ = {isa = PBXFileReference; lastKnownFileType = sourcecode.swift; path = Path.swift; sourceTree = "<group>"; };
		A099B2302B21E9AF009B3F4E /* PathType.swift */ = {isa = PBXFileReference; lastKnownFileType = sourcecode.swift; path = PathType.swift; sourceTree = "<group>"; };
		A099B2322B21EB06009B3F4E /* Date+Extension.swift */ = {isa = PBXFileReference; lastKnownFileType = sourcecode.swift; path = "Date+Extension.swift"; sourceTree = "<group>"; };
		A099B2372B21F382009B3F4E /* MatchingView.swift */ = {isa = PBXFileReference; lastKnownFileType = sourcecode.swift; path = MatchingView.swift; sourceTree = "<group>"; };
		A099B2392B21F38F009B3F4E /* MatchingViewModel.swift */ = {isa = PBXFileReference; lastKnownFileType = sourcecode.swift; path = MatchingViewModel.swift; sourceTree = "<group>"; };
		A099B23C2B22344A009B3F4E /* CustomRegularBtn.swift */ = {isa = PBXFileReference; lastKnownFileType = sourcecode.swift; path = CustomRegularBtn.swift; sourceTree = "<group>"; };
		A0E007BF2B0F552500B2476B /* TeamUP.app */ = {isa = PBXFileReference; explicitFileType = wrapper.application; includeInIndex = 0; path = TeamUP.app; sourceTree = BUILT_PRODUCTS_DIR; };
		A0E007C22B0F552500B2476B /* TeamUPApp.swift */ = {isa = PBXFileReference; lastKnownFileType = sourcecode.swift; path = TeamUPApp.swift; sourceTree = "<group>"; };
		A0E007C42B0F552500B2476B /* ContentView.swift */ = {isa = PBXFileReference; lastKnownFileType = sourcecode.swift; path = ContentView.swift; sourceTree = "<group>"; };
		A0E007C62B0F552700B2476B /* Assets.xcassets */ = {isa = PBXFileReference; lastKnownFileType = folder.assetcatalog; path = Assets.xcassets; sourceTree = "<group>"; };
		A0E007C92B0F552700B2476B /* Preview Assets.xcassets */ = {isa = PBXFileReference; lastKnownFileType = folder.assetcatalog; path = "Preview Assets.xcassets"; sourceTree = "<group>"; };
		A0E007D62B0F573800B2476B /* Launch Screen.storyboard */ = {isa = PBXFileReference; lastKnownFileType = file.storyboard; path = "Launch Screen.storyboard"; sourceTree = "<group>"; };
/* End PBXFileReference section */

/* Begin PBXFrameworksBuildPhase section */
		A0E007BC2B0F552500B2476B /* Frameworks */ = {
			isa = PBXFrameworksBuildPhase;
			buildActionMask = 2147483647;
			files = (
			);
			runOnlyForDeploymentPostprocessing = 0;
		};
/* End PBXFrameworksBuildPhase section */

/* Begin PBXGroup section */
		A07DD8F22B111554006DB7E0 /* Test */ = {
			isa = PBXGroup;
			children = (
				A0E007C42B0F552500B2476B /* ContentView.swift */,
			);
			path = Test;
			sourceTree = "<group>";
		};
		A07DD8FE2B113375006DB7E0 /* Onboarding */ = {
			isa = PBXGroup;
			children = (
				0FD81DFE2B18E049005060F3 /* OnboardingView.swift */,
				0FD81E002B18F85C005060F3 /* tmploginView.swift */,
			);
			path = Onboarding;
			sourceTree = "<group>";
		};
		A07DD8FF2B11337D006DB7E0 /* Home */ = {
			isa = PBXGroup;
			children = (
			);
			path = Home;
			sourceTree = "<group>";
		};
		A07DD9002B113395006DB7E0 /* MatchingView */ = {
			isa = PBXGroup;
			children = (
				A099B2362B21F361009B3F4E /* Matching */,
				A099B2262B21B2A2009B3F4E /* MatchingListView.swift */,
				A099B22B2B21B93C009B3F4E /* MatchingListViewModel.swift */,
			);
			path = MatchingView;
			sourceTree = "<group>";
		};
		A07DD9012B1133A7006DB7E0 /* Setting */ = {
			isa = PBXGroup;
			children = (
			);
			path = Setting;
			sourceTree = "<group>";
		};
		A07DD9032B11DFFF006DB7E0 /* Helper */ = {
			isa = PBXGroup;
			children = (
				A07DD8F12B111337006DB7E0 /* Info.plist */,
			);
			path = Helper;
			sourceTree = "<group>";
		};
		A07DD90A2B11FB56006DB7E0 /* Network */ = {
			isa = PBXGroup;
			children = (
			);
			path = Network;
			sourceTree = "<group>";
		};
		A099B2282B21B483009B3F4E /* Matching */ = {
			isa = PBXGroup;
			children = (
				A099B2292B21B490009B3F4E /* Matching.swift */,
			);
			path = Matching;
			sourceTree = "<group>";
		};
		A099B22D2B21E92D009B3F4E /* Path */ = {
			isa = PBXGroup;
			children = (
				A099B22E2B21E940009B3F4E /* Path.swift */,
				A099B2302B21E9AF009B3F4E /* PathType.swift */,
			);
			path = Path;
			sourceTree = "<group>";
		};
		A099B2362B21F361009B3F4E /* Matching */ = {
			isa = PBXGroup;
			children = (
				A099B2372B21F382009B3F4E /* MatchingView.swift */,
				A099B2392B21F38F009B3F4E /* MatchingViewModel.swift */,
			);
			path = Matching;
			sourceTree = "<group>";
		};
		A099B23B2B2233E7009B3F4E /* Components */ = {
			isa = PBXGroup;
			children = (
				A099B23C2B22344A009B3F4E /* CustomRegularBtn.swift */,
			);
			path = Components;
			sourceTree = "<group>";
		};
		A0E007B62B0F552500B2476B = {
			isa = PBXGroup;
			children = (
				A0E007C12B0F552500B2476B /* TeamUP */,
				A0E007C02B0F552500B2476B /* Products */,
			);
			sourceTree = "<group>";
		};
		A0E007C02B0F552500B2476B /* Products */ = {
			isa = PBXGroup;
			children = (
				A0E007BF2B0F552500B2476B /* TeamUP.app */,
			);
			name = Products;
			sourceTree = "<group>";
		};
		A0E007C12B0F552500B2476B /* TeamUP */ = {
			isa = PBXGroup;
			children = (
				A07DD90A2B11FB56006DB7E0 /* Network */,
				A07DD9032B11DFFF006DB7E0 /* Helper */,
				A0E007D42B0F56A200B2476B /* Feature */,
				A0E007D32B0F560800B2476B /* App */,
				A099B23B2B2233E7009B3F4E /* Components */,
				A0E007D22B0F55DD00B2476B /* Resource */,
				A0E007D12B0F55D900B2476B /* Model */,
				A0E007D02B0F55D200B2476B /* Extension */,
				A0E007C82B0F552700B2476B /* Preview Content */,
			);
			path = TeamUP;
			sourceTree = "<group>";
		};
		A0E007C82B0F552700B2476B /* Preview Content */ = {
			isa = PBXGroup;
			children = (
				A0E007C92B0F552700B2476B /* Preview Assets.xcassets */,
			);
			path = "Preview Content";
			sourceTree = "<group>";
		};
		A0E007D02B0F55D200B2476B /* Extension */ = {
			isa = PBXGroup;
			children = (
				A07DD8ED2B110C2F006DB7E0 /* Color+Extension.swift */,
				A07DD8EF2B110E0F006DB7E0 /* Font+Extension.swift */,
				A099B2322B21EB06009B3F4E /* Date+Extension.swift */,
			);
			path = Extension;
			sourceTree = "<group>";
		};
		A0E007D12B0F55D900B2476B /* Model */ = {
			isa = PBXGroup;
			children = (
				A099B22D2B21E92D009B3F4E /* Path */,
				A099B2282B21B483009B3F4E /* Matching */,
			);
			path = Model;
			sourceTree = "<group>";
		};
		A0E007D22B0F55DD00B2476B /* Resource */ = {
			isa = PBXGroup;
			children = (
				A0E007D52B0F56F500B2476B /* Font */,
				A0E007C62B0F552700B2476B /* Assets.xcassets */,
			);
			path = Resource;
			sourceTree = "<group>";
		};
		A0E007D32B0F560800B2476B /* App */ = {
			isa = PBXGroup;
			children = (
				A0E007C22B0F552500B2476B /* TeamUPApp.swift */,
				A0E007D62B0F573800B2476B /* Launch Screen.storyboard */,
			);
			path = App;
			sourceTree = "<group>";
		};
		A0E007D42B0F56A200B2476B /* Feature */ = {
			isa = PBXGroup;
			children = (
				A07DD9012B1133A7006DB7E0 /* Setting */,
				A07DD9002B113395006DB7E0 /* MatchingView */,
				A07DD8FF2B11337D006DB7E0 /* Home */,
				A07DD8FE2B113375006DB7E0 /* Onboarding */,
				A07DD8F22B111554006DB7E0 /* Test */,
			);
			path = Feature;
			sourceTree = "<group>";
		};
		A0E007D52B0F56F500B2476B /* Font */ = {
			isa = PBXGroup;
			children = (
				A07DD8E62B110B29006DB7E0 /* Pretendard-Black.otf */,
				A07DD8EC2B110B29006DB7E0 /* Pretendard-Bold.otf */,
				A07DD8EA2B110B29006DB7E0 /* Pretendard-ExtraBold.otf */,
				A07DD8E42B110B29006DB7E0 /* Pretendard-ExtraLight.otf */,
				A07DD8E92B110B29006DB7E0 /* Pretendard-Light.otf */,
				A07DD8EB2B110B29006DB7E0 /* Pretendard-Medium.otf */,
				A07DD8E82B110B29006DB7E0 /* Pretendard-Regular.otf */,
				A07DD8E72B110B29006DB7E0 /* Pretendard-SemiBold.otf */,
				A07DD8E52B110B29006DB7E0 /* Pretendard-Thin.otf */,
			);
			path = Font;
			sourceTree = "<group>";
		};
/* End PBXGroup section */

/* Begin PBXNativeTarget section */
		A0E007BE2B0F552500B2476B /* TeamUP */ = {
			isa = PBXNativeTarget;
			buildConfigurationList = A0E007CD2B0F552700B2476B /* Build configuration list for PBXNativeTarget "TeamUP" */;
			buildPhases = (
				A0E007BB2B0F552500B2476B /* Sources */,
				A0E007BC2B0F552500B2476B /* Frameworks */,
				A0E007BD2B0F552500B2476B /* Resources */,
			);
			buildRules = (
			);
			dependencies = (
			);
			name = TeamUP;
			productName = TeamUP;
			productReference = A0E007BF2B0F552500B2476B /* TeamUP.app */;
			productType = "com.apple.product-type.application";
		};
/* End PBXNativeTarget section */

/* Begin PBXProject section */
		A0E007B72B0F552500B2476B /* Project object */ = {
			isa = PBXProject;
			attributes = {
				BuildIndependentTargetsInParallel = 1;
				LastSwiftUpdateCheck = 1500;
				LastUpgradeCheck = 1500;
				TargetAttributes = {
					A0E007BE2B0F552500B2476B = {
						CreatedOnToolsVersion = 15.0;
					};
				};
			};
			buildConfigurationList = A0E007BA2B0F552500B2476B /* Build configuration list for PBXProject "TeamUP" */;
			compatibilityVersion = "Xcode 14.0";
			developmentRegion = en;
			hasScannedForEncodings = 0;
			knownRegions = (
				en,
				Base,
			);
			mainGroup = A0E007B62B0F552500B2476B;
			productRefGroup = A0E007C02B0F552500B2476B /* Products */;
			projectDirPath = "";
			projectRoot = "";
			targets = (
				A0E007BE2B0F552500B2476B /* TeamUP */,
			);
		};
/* End PBXProject section */

/* Begin PBXResourcesBuildPhase section */
		A0E007BD2B0F552500B2476B /* Resources */ = {
			isa = PBXResourcesBuildPhase;
			buildActionMask = 2147483647;
			files = (
				A0E007D72B0F573800B2476B /* Launch Screen.storyboard in Resources */,
				A07DD8F92B111AE5006DB7E0 /* Pretendard-Thin.otf in Resources */,
				A07DD8F72B111AE5006DB7E0 /* Pretendard-Light.otf in Resources */,
				A07DD8FB2B111AE5006DB7E0 /* Pretendard-SemiBold.otf in Resources */,
				A07DD8F52B111AE5006DB7E0 /* Pretendard-Regular.otf in Resources */,
				A07DD8F62B111AE5006DB7E0 /* Pretendard-Bold.otf in Resources */,
				A0E007CA2B0F552700B2476B /* Preview Assets.xcassets in Resources */,
				A07DD8F42B111AE5006DB7E0 /* Pretendard-ExtraBold.otf in Resources */,
				A07DD8F32B111AE0006DB7E0 /* Pretendard-Black.otf in Resources */,
				A0E007C72B0F552700B2476B /* Assets.xcassets in Resources */,
				A07DD8F82B111AE5006DB7E0 /* Pretendard-Medium.otf in Resources */,
				A07DD8FA2B111AE5006DB7E0 /* Pretendard-ExtraLight.otf in Resources */,
			);
			runOnlyForDeploymentPostprocessing = 0;
		};
/* End PBXResourcesBuildPhase section */

/* Begin PBXSourcesBuildPhase section */
		A0E007BB2B0F552500B2476B /* Sources */ = {
			isa = PBXSourcesBuildPhase;
			buildActionMask = 2147483647;
			files = (
				A099B2382B21F382009B3F4E /* MatchingView.swift in Sources */,
				A0E007C52B0F552500B2476B /* ContentView.swift in Sources */,
				A099B22C2B21B93C009B3F4E /* MatchingListViewModel.swift in Sources */,
				A099B23D2B22344A009B3F4E /* CustomRegularBtn.swift in Sources */,
				A099B2272B21B2A2009B3F4E /* MatchingListView.swift in Sources */,
				A07DD8EE2B110C2F006DB7E0 /* Color+Extension.swift in Sources */,
				A099B22A2B21B490009B3F4E /* Matching.swift in Sources */,
				A099B2332B21EB06009B3F4E /* Date+Extension.swift in Sources */,
				A099B2312B21E9AF009B3F4E /* PathType.swift in Sources */,
				A07DD8F02B110E0F006DB7E0 /* Font+Extension.swift in Sources */,
				A099B23A2B21F38F009B3F4E /* MatchingViewModel.swift in Sources */,
				0FD81DFF2B18E049005060F3 /* OnboardingView.swift in Sources */,
				A0E007C32B0F552500B2476B /* TeamUPApp.swift in Sources */,
				A099B22F2B21E940009B3F4E /* Path.swift in Sources */,
				0FD81E012B18F85C005060F3 /* tmploginView.swift in Sources */,
			);
			runOnlyForDeploymentPostprocessing = 0;
		};
/* End PBXSourcesBuildPhase section */

/* Begin XCBuildConfiguration section */
		A0E007CB2B0F552700B2476B /* Debug */ = {
			isa = XCBuildConfiguration;
			buildSettings = {
				ALWAYS_SEARCH_USER_PATHS = NO;
				ASSETCATALOG_COMPILER_GENERATE_SWIFT_ASSET_SYMBOL_EXTENSIONS = YES;
				CLANG_ANALYZER_NONNULL = YES;
				CLANG_ANALYZER_NUMBER_OBJECT_CONVERSION = YES_AGGRESSIVE;
				CLANG_CXX_LANGUAGE_STANDARD = "gnu++20";
				CLANG_ENABLE_MODULES = YES;
				CLANG_ENABLE_OBJC_ARC = YES;
				CLANG_ENABLE_OBJC_WEAK = YES;
				CLANG_WARN_BLOCK_CAPTURE_AUTORELEASING = YES;
				CLANG_WARN_BOOL_CONVERSION = YES;
				CLANG_WARN_COMMA = YES;
				CLANG_WARN_CONSTANT_CONVERSION = YES;
				CLANG_WARN_DEPRECATED_OBJC_IMPLEMENTATIONS = YES;
				CLANG_WARN_DIRECT_OBJC_ISA_USAGE = YES_ERROR;
				CLANG_WARN_DOCUMENTATION_COMMENTS = YES;
				CLANG_WARN_EMPTY_BODY = YES;
				CLANG_WARN_ENUM_CONVERSION = YES;
				CLANG_WARN_INFINITE_RECURSION = YES;
				CLANG_WARN_INT_CONVERSION = YES;
				CLANG_WARN_NON_LITERAL_NULL_CONVERSION = YES;
				CLANG_WARN_OBJC_IMPLICIT_RETAIN_SELF = YES;
				CLANG_WARN_OBJC_LITERAL_CONVERSION = YES;
				CLANG_WARN_OBJC_ROOT_CLASS = YES_ERROR;
				CLANG_WARN_QUOTED_INCLUDE_IN_FRAMEWORK_HEADER = YES;
				CLANG_WARN_RANGE_LOOP_ANALYSIS = YES;
				CLANG_WARN_STRICT_PROTOTYPES = YES;
				CLANG_WARN_SUSPICIOUS_MOVE = YES;
				CLANG_WARN_UNGUARDED_AVAILABILITY = YES_AGGRESSIVE;
				CLANG_WARN_UNREACHABLE_CODE = YES;
				CLANG_WARN__DUPLICATE_METHOD_MATCH = YES;
				COPY_PHASE_STRIP = NO;
				DEBUG_INFORMATION_FORMAT = dwarf;
				ENABLE_STRICT_OBJC_MSGSEND = YES;
				ENABLE_TESTABILITY = YES;
				ENABLE_USER_SCRIPT_SANDBOXING = YES;
				GCC_C_LANGUAGE_STANDARD = gnu17;
				GCC_DYNAMIC_NO_PIC = NO;
				GCC_NO_COMMON_BLOCKS = YES;
				GCC_OPTIMIZATION_LEVEL = 0;
				GCC_PREPROCESSOR_DEFINITIONS = (
					"DEBUG=1",
					"$(inherited)",
				);
				GCC_WARN_64_TO_32_BIT_CONVERSION = YES;
				GCC_WARN_ABOUT_RETURN_TYPE = YES_ERROR;
				GCC_WARN_UNDECLARED_SELECTOR = YES;
				GCC_WARN_UNINITIALIZED_AUTOS = YES_AGGRESSIVE;
				GCC_WARN_UNUSED_FUNCTION = YES;
				GCC_WARN_UNUSED_VARIABLE = YES;
				IPHONEOS_DEPLOYMENT_TARGET = 17.0;
				LOCALIZATION_PREFERS_STRING_CATALOGS = YES;
				MTL_ENABLE_DEBUG_INFO = INCLUDE_SOURCE;
				MTL_FAST_MATH = YES;
				ONLY_ACTIVE_ARCH = YES;
				SDKROOT = iphoneos;
				SWIFT_ACTIVE_COMPILATION_CONDITIONS = "DEBUG $(inherited)";
				SWIFT_OPTIMIZATION_LEVEL = "-Onone";
			};
			name = Debug;
		};
		A0E007CC2B0F552700B2476B /* Release */ = {
			isa = XCBuildConfiguration;
			buildSettings = {
				ALWAYS_SEARCH_USER_PATHS = NO;
				ASSETCATALOG_COMPILER_GENERATE_SWIFT_ASSET_SYMBOL_EXTENSIONS = YES;
				CLANG_ANALYZER_NONNULL = YES;
				CLANG_ANALYZER_NUMBER_OBJECT_CONVERSION = YES_AGGRESSIVE;
				CLANG_CXX_LANGUAGE_STANDARD = "gnu++20";
				CLANG_ENABLE_MODULES = YES;
				CLANG_ENABLE_OBJC_ARC = YES;
				CLANG_ENABLE_OBJC_WEAK = YES;
				CLANG_WARN_BLOCK_CAPTURE_AUTORELEASING = YES;
				CLANG_WARN_BOOL_CONVERSION = YES;
				CLANG_WARN_COMMA = YES;
				CLANG_WARN_CONSTANT_CONVERSION = YES;
				CLANG_WARN_DEPRECATED_OBJC_IMPLEMENTATIONS = YES;
				CLANG_WARN_DIRECT_OBJC_ISA_USAGE = YES_ERROR;
				CLANG_WARN_DOCUMENTATION_COMMENTS = YES;
				CLANG_WARN_EMPTY_BODY = YES;
				CLANG_WARN_ENUM_CONVERSION = YES;
				CLANG_WARN_INFINITE_RECURSION = YES;
				CLANG_WARN_INT_CONVERSION = YES;
				CLANG_WARN_NON_LITERAL_NULL_CONVERSION = YES;
				CLANG_WARN_OBJC_IMPLICIT_RETAIN_SELF = YES;
				CLANG_WARN_OBJC_LITERAL_CONVERSION = YES;
				CLANG_WARN_OBJC_ROOT_CLASS = YES_ERROR;
				CLANG_WARN_QUOTED_INCLUDE_IN_FRAMEWORK_HEADER = YES;
				CLANG_WARN_RANGE_LOOP_ANALYSIS = YES;
				CLANG_WARN_STRICT_PROTOTYPES = YES;
				CLANG_WARN_SUSPICIOUS_MOVE = YES;
				CLANG_WARN_UNGUARDED_AVAILABILITY = YES_AGGRESSIVE;
				CLANG_WARN_UNREACHABLE_CODE = YES;
				CLANG_WARN__DUPLICATE_METHOD_MATCH = YES;
				COPY_PHASE_STRIP = NO;
				DEBUG_INFORMATION_FORMAT = "dwarf-with-dsym";
				ENABLE_NS_ASSERTIONS = NO;
				ENABLE_STRICT_OBJC_MSGSEND = YES;
				ENABLE_USER_SCRIPT_SANDBOXING = YES;
				GCC_C_LANGUAGE_STANDARD = gnu17;
				GCC_NO_COMMON_BLOCKS = YES;
				GCC_WARN_64_TO_32_BIT_CONVERSION = YES;
				GCC_WARN_ABOUT_RETURN_TYPE = YES_ERROR;
				GCC_WARN_UNDECLARED_SELECTOR = YES;
				GCC_WARN_UNINITIALIZED_AUTOS = YES_AGGRESSIVE;
				GCC_WARN_UNUSED_FUNCTION = YES;
				GCC_WARN_UNUSED_VARIABLE = YES;
				IPHONEOS_DEPLOYMENT_TARGET = 17.0;
				LOCALIZATION_PREFERS_STRING_CATALOGS = YES;
				MTL_ENABLE_DEBUG_INFO = NO;
				MTL_FAST_MATH = YES;
				SDKROOT = iphoneos;
				SWIFT_COMPILATION_MODE = wholemodule;
				VALIDATE_PRODUCT = YES;
			};
			name = Release;
		};
		A0E007CE2B0F552700B2476B /* Debug */ = {
			isa = XCBuildConfiguration;
			buildSettings = {
				ASSETCATALOG_COMPILER_APPICON_NAME = AppIcon;
				ASSETCATALOG_COMPILER_GLOBAL_ACCENT_COLOR_NAME = AccentColor;
				CODE_SIGN_STYLE = Automatic;
				CURRENT_PROJECT_VERSION = 1;
				DEVELOPMENT_ASSET_PATHS = "\"TeamUP/Preview Content\"";
				DEVELOPMENT_TEAM = 47VP7M3T34;
				ENABLE_PREVIEWS = YES;
				GENERATE_INFOPLIST_FILE = YES;
				INFOPLIST_FILE = TeamUP/Info.plist;
				INFOPLIST_KEY_UIApplicationSceneManifest_Generation = YES;
				INFOPLIST_KEY_UIApplicationSupportsIndirectInputEvents = YES;
				INFOPLIST_KEY_UILaunchScreen_Generation = YES;
				INFOPLIST_KEY_UILaunchStoryboardName = "Launch Screen.storyboard";
				INFOPLIST_KEY_UISupportedInterfaceOrientations = UIInterfaceOrientationPortrait;
				INFOPLIST_KEY_UISupportedInterfaceOrientations_iPad = "UIInterfaceOrientationPortrait UIInterfaceOrientationPortraitUpsideDown";
				INFOPLIST_KEY_UIUserInterfaceStyle = Light;
				LD_RUNPATH_SEARCH_PATHS = (
					"$(inherited)",
					"@executable_path/Frameworks",
				);
				MARKETING_VERSION = 1.0;
				PRODUCT_BUNDLE_IDENTIFIER = Seou.TeamUP;
				PRODUCT_NAME = "$(TARGET_NAME)";
				SWIFT_EMIT_LOC_STRINGS = YES;
				SWIFT_VERSION = 5.0;
				TARGETED_DEVICE_FAMILY = "1,2";
			};
			name = Debug;
		};
		A0E007CF2B0F552700B2476B /* Release */ = {
			isa = XCBuildConfiguration;
			buildSettings = {
				ASSETCATALOG_COMPILER_APPICON_NAME = AppIcon;
				ASSETCATALOG_COMPILER_GLOBAL_ACCENT_COLOR_NAME = AccentColor;
				CODE_SIGN_STYLE = Automatic;
				CURRENT_PROJECT_VERSION = 1;
				DEVELOPMENT_ASSET_PATHS = "\"TeamUP/Preview Content\"";
				DEVELOPMENT_TEAM = 47VP7M3T34;
				ENABLE_PREVIEWS = YES;
				GENERATE_INFOPLIST_FILE = YES;
				INFOPLIST_FILE = TeamUP/Info.plist;
				INFOPLIST_KEY_UIApplicationSceneManifest_Generation = YES;
				INFOPLIST_KEY_UIApplicationSupportsIndirectInputEvents = YES;
				INFOPLIST_KEY_UILaunchScreen_Generation = YES;
				INFOPLIST_KEY_UILaunchStoryboardName = "Launch Screen.storyboard";
				INFOPLIST_KEY_UISupportedInterfaceOrientations = UIInterfaceOrientationPortrait;
				INFOPLIST_KEY_UISupportedInterfaceOrientations_iPad = "UIInterfaceOrientationPortrait UIInterfaceOrientationPortraitUpsideDown";
				INFOPLIST_KEY_UIUserInterfaceStyle = Light;
				LD_RUNPATH_SEARCH_PATHS = (
					"$(inherited)",
					"@executable_path/Frameworks",
				);
				MARKETING_VERSION = 1.0;
				PRODUCT_BUNDLE_IDENTIFIER = Seou.TeamUP;
				PRODUCT_NAME = "$(TARGET_NAME)";
				SWIFT_EMIT_LOC_STRINGS = YES;
				SWIFT_VERSION = 5.0;
				TARGETED_DEVICE_FAMILY = "1,2";
			};
			name = Release;
		};
/* End XCBuildConfiguration section */

/* Begin XCConfigurationList section */
		A0E007BA2B0F552500B2476B /* Build configuration list for PBXProject "TeamUP" */ = {
			isa = XCConfigurationList;
			buildConfigurations = (
				A0E007CB2B0F552700B2476B /* Debug */,
				A0E007CC2B0F552700B2476B /* Release */,
			);
			defaultConfigurationIsVisible = 0;
			defaultConfigurationName = Release;
		};
		A0E007CD2B0F552700B2476B /* Build configuration list for PBXNativeTarget "TeamUP" */ = {
			isa = XCConfigurationList;
			buildConfigurations = (
				A0E007CE2B0F552700B2476B /* Debug */,
				A0E007CF2B0F552700B2476B /* Release */,
			);
			defaultConfigurationIsVisible = 0;
			defaultConfigurationName = Release;
		};
/* End XCConfigurationList section */
	};
	rootObject = A0E007B72B0F552500B2476B /* Project object */;
}
